
Microsoft Visual Studio Solution File, Format Version 12.00
# Visual Studio Version 17
VisualStudioVersion = 17.0.32112.339
MinimumVisualStudioVersion = 10.0.40219.1
Project("{9A19103F-16F7-4668-BE54-9A1E7A4F7556}") = "DeliveryFaculdade.WinApp", "DeliveryFaculdade.WinApp\DeliveryFaculdade.WinApp.csproj", "{D9FC4EA3-0260-4DD3-ABD6-9EB6BF4D99EC}"
EndProject
Project("{9A19103F-16F7-4668-BE54-9A1E7A4F7556}") = "DeliveryFaculdade.Infra", "DeliveryFaculdade.Infra.Arquivos\DeliveryFaculdade.Infra.csproj", "{B9B3678D-5FFB-4848-87B4-D73DC83D13F3}"
EndProject
Project("{9A19103F-16F7-4668-BE54-9A1E7A4F7556}") = "DeliveryFaculdade.Dominio", "DeliveryFaculdade.Dominio\DeliveryFaculdade.Dominio.csproj", "{324F0E69-6107-41E1-B32D-D499CFC0D939}"
EndProject
Project("{2150E333-8FDC-42A3-9474-1A3956D46DE8}") = "1 - Apresentacao", "1 - Apresentacao", "{9DDA5276-2BD3-4372-9D24-F8C783BF0529}"
EndProject
Project("{2150E333-8FDC-42A3-9474-1A3956D46DE8}") = "2 - Dominio", "2 - Dominio", "{BA9F473E-3387-4E1D-822D-4C7FF50316D1}"
EndProject
Project("{2150E333-8FDC-42A3-9474-1A3956D46DE8}") = "3 - Arquivos", "3 - Arquivos", "{4C47247F-6EE6-49AE-A6D8-FF1F43641AF9}"
EndProject
Project("{2150E333-8FDC-42A3-9474-1A3956D46DE8}") = "4 - BD", "4 - BD", "{DABA72F3-9B9D-4F19-B8C6-DD8579AC31F0}"
EndProject
Project("{00D1A9C2-B5F0-4AF3-8072-F6C62B433612}") = "BancoDelivery.SQLServer", "BancoDelivery.SQLServer\BancoDelivery.SQLServer.sqlproj", "{26E006D9-BE34-4913-B9EE-05F1B1BA8BE1}"
EndProject
Global
	GlobalSection(SolutionConfigurationPlatforms) = preSolution
		Debug|Any CPU = Debug|Any CPU
		Release|Any CPU = Release|Any CPU
	EndGlobalSection
	GlobalSection(ProjectConfigurationPlatforms) = postSolution
		{D9FC4EA3-0260-4DD3-ABD6-9EB6BF4D99EC}.Debug|Any CPU.ActiveCfg = Debug|Any CPU
		{D9FC4EA3-0260-4DD3-ABD6-9EB6BF4D99EC}.Debug|Any CPU.Build.0 = Debug|Any CPU
		{D9FC4EA3-0260-4DD3-ABD6-9EB6BF4D99EC}.Release|Any CPU.ActiveCfg = Release|Any CPU
		{D9FC4EA3-0260-4DD3-ABD6-9EB6BF4D99EC}.Release|Any CPU.Build.0 = Release|Any CPU
		{B9B3678D-5FFB-4848-87B4-D73DC83D13F3}.Debug|Any CPU.ActiveCfg = Debug|Any CPU
		{B9B3678D-5FFB-4848-87B4-D73DC83D13F3}.Debug|Any CPU.Build.0 = Debug|Any CPU
		{B9B3678D-5FFB-4848-87B4-D73DC83D13F3}.Release|Any CPU.ActiveCfg = Release|Any CPU
		{B9B3678D-5FFB-4848-87B4-D73DC83D13F3}.Release|Any CPU.Build.0 = Release|Any CPU
		{324F0E69-6107-41E1-B32D-D499CFC0D939}.Debug|Any CPU.ActiveCfg = Debug|Any CPU
		{324F0E69-6107-41E1-B32D-D499CFC0D939}.Debug|Any CPU.Build.0 = Debug|Any CPU
		{324F0E69-6107-41E1-B32D-D499CFC0D939}.Release|Any CPU.ActiveCfg = Release|Any CPU
		{324F0E69-6107-41E1-B32D-D499CFC0D939}.Release|Any CPU.Build.0 = Release|Any CPU
		{26E006D9-BE34-4913-B9EE-05F1B1BA8BE1}.Debug|Any CPU.ActiveCfg = Debug|Any CPU
		{26E006D9-BE34-4913-B9EE-05F1B1BA8BE1}.Debug|Any CPU.Build.0 = Debug|Any CPU
		{26E006D9-BE34-4913-B9EE-05F1B1BA8BE1}.Debug|Any CPU.Deploy.0 = Debug|Any CPU
		{26E006D9-BE34-4913-B9EE-05F1B1BA8BE1}.Release|Any CPU.ActiveCfg = Release|Any CPU
		{26E006D9-BE34-4913-B9EE-05F1B1BA8BE1}.Release|Any CPU.Build.0 = Release|Any CPU
		{26E006D9-BE34-4913-B9EE-05F1B1BA8BE1}.Release|Any CPU.Deploy.0 = Release|Any CPU
	EndGlobalSection
	GlobalSection(SolutionProperties) = preSolution
		HideSolutionNode = FALSE
	EndGlobalSection
	GlobalSection(NestedProjects) = preSolution
		{D9FC4EA3-0260-4DD3-ABD6-9EB6BF4D99EC} = {9DDA5276-2BD3-4372-9D24-F8C783BF0529}
		{B9B3678D-5FFB-4848-87B4-D73DC83D13F3} = {4C47247F-6EE6-49AE-A6D8-FF1F43641AF9}
		{324F0E69-6107-41E1-B32D-D499CFC0D939} = {BA9F473E-3387-4E1D-822D-4C7FF50316D1}
		{26E006D9-BE34-4913-B9EE-05F1B1BA8BE1} = {DABA72F3-9B9D-4F19-B8C6-DD8579AC31F0}
	EndGlobalSection
	GlobalSection(ExtensibilityGlobals) = postSolution
		SolutionGuid = {78BEBEBB-8B98-4551-904D-BBD438BEBA31}
	EndGlobalSection
EndGlobal
